{
  "requires": true,
  "lockfileVersion": 1,
  "dependencies": {
    "bower": {
      "version": "1.8.4",
      "resolved": "https://registry.npmjs.org/bower/-/bower-1.8.4.tgz",
      "integrity": "sha1-54dqB23rgTf30GUl3F6MZtuC8oo="
    },
    "gk-test-a": {
      "version": "9.0.4",
      "resolved": "https://registry.npmjs.org/gk-test-a/-/gk-test-a-9.0.4.tgz",
      "integrity": "sha512-WQACcwoP8GpwcRjzSTfR+XYTld3fmU66qRZ1DdG8ZxdY0sUjqT5y8GgMmZE0IRhqbxQZSLzLNvnYq0pQRfjxwA=="
    },
    "gk-test-c": {
      "version": "9.0.4",
      "resolved": "https://registry.npmjs.org/gk-test-c/-/gk-test-c-9.0.4.tgz",
      "integrity": "sha512-BDkavMPbth5TyV0GCftl/GUSRpL1bzy98KIEijBm/45qHMy1IeUhwSjGpICUNre/x4yxDbtsqTdrFvnC52TwHw=="
    }
  }
}
