{
  "requires": true,
  "lockfileVersion": 1,
  "dependencies": {
    "bower": {
      "version": "1.8.4",
      "resolved": "https://registry.npmjs.org/bower/-/bower-1.8.4.tgz",
      "integrity": "sha1-54dqB23rgTf30GUl3F6MZtuC8oo="
    },
    "gk-test-a": {
      "version": "1.0.0",
      "resolved": "https://registry.npmjs.org/gk-test-a/-/gk-test-a-1.0.0.tgz",
      "integrity": "sha512-oGKMW9n2PMbT3sF8dhv6n2z1FvedKxAr/ug+MX3oq6MZKR1l055CTRc23esRZIq9hj2SAL+iWZYAdP48TYecqw=="
    },
    "gk-test-c": {
      "version": "1.0.0",
      "resolved": "https://registry.npmjs.org/gk-test-c/-/gk-test-c-1.0.0.tgz",
      "integrity": "sha512-8bYS2fNC3PB8DrUUY9t3h4flur7HU3dtKpDZOQamrHlTJEcH/PBQ2M1hDK9QpnoALEcXyuTNb3pnzrI9qV9COw=="
    }
  }
}
